
Microsoft Visual Studio Solution File, Format Version 12.00
# Visual Studio Version 17
VisualStudioVersion = 17.1.32228.430
MinimumVisualStudioVersion = 10.0.40219.1
Project("{FAE04EC0-301F-11D3-BF4B-00C04F79EFBC}") = "SampleBrowser.SfSchedule.Android", "Schedule.Droid\SampleBrowser.SfSchedule.Android.csproj", "{99FF6BCC-5084-4243-9ECD-55808484F68C}"
EndProject
Project("{FAE04EC0-301F-11D3-BF4B-00C04F79EFBC}") = "SampleBrowser.SfSchedule.iOS", "Schedule.iOS\SampleBrowser.SfSchedule.iOS.csproj", "{5FBF8774-D324-4B08-99DD-5AB7AF85D748}"
EndProject
Project("{FAE04EC0-301F-11D3-BF4B-00C04F79EFBC}") = "SampleBrowser.SfSchedule.UWP", "Schedule.UWP\SampleBrowser.SfSchedule.UWP.csproj", "{D36A53C8-62AC-475F-AF9E-F7C2D92F13BD}"
EndProject
Project("{FAE04EC0-301F-11D3-BF4B-00C04F79EFBC}") = "SampleBrowser.SfSchedule.WPF", "Schedule.WPF\SampleBrowser.SfSchedule.WPF.csproj", "{D8926553-12B8-417D-90C0-FD922E37C58D}"
EndProject
Project("{9A19103F-16F7-4668-BE54-9A1E7A4F7556}") = "SampleBrowser.SfSchedule", "Schedule\SampleBrowser.SfSchedule.csproj", "{85E00A55-2584-4619-B141-23E8C7440E00}"
EndProject
Global
	GlobalSection(SolutionConfigurationPlatforms) = preSolution
		Ad-Hoc|Any CPU = Ad-Hoc|Any CPU
		Ad-Hoc|ARM = Ad-Hoc|ARM
		Ad-Hoc|iPhone = Ad-Hoc|iPhone
		Ad-Hoc|iPhoneSimulator = Ad-Hoc|iPhoneSimulator
		Ad-Hoc|x64 = Ad-Hoc|x64
		Ad-Hoc|x86 = Ad-Hoc|x86
		AppStore|Any CPU = AppStore|Any CPU
		AppStore|ARM = AppStore|ARM
		AppStore|iPhone = AppStore|iPhone
		AppStore|iPhoneSimulator = AppStore|iPhoneSimulator
		AppStore|x64 = AppStore|x64
		AppStore|x86 = AppStore|x86
		Debug|Any CPU = Debug|Any CPU
		Debug|ARM = Debug|ARM
		Debug|iPhone = Debug|iPhone
		Debug|iPhoneSimulator = Debug|iPhoneSimulator
		Debug|x64 = Debug|x64
		Debug|x86 = Debug|x86
		Release|Any CPU = Release|Any CPU
		Release|ARM = Release|ARM
		Release|iPhone = Release|iPhone
		Release|iPhoneSimulator = Release|iPhoneSimulator
		Release|x64 = Release|x64
		Release|x86 = Release|x86
		Release-xml|Any CPU = Release-xml|Any CPU
		Release-xml|ARM = Release-xml|ARM
		Release-xml|iPhone = Release-xml|iPhone
		Release-xml|iPhoneSimulator = Release-xml|iPhoneSimulator
		Release-xml|x64 = Release-xml|x64
		Release-xml|x86 = Release-xml|x86
	EndGlobalSection
	GlobalSection(ProjectConfigurationPlatforms) = postSolution
		{99FF6BCC-5084-4243-9ECD-55808484F68C}.Ad-Hoc|Any CPU.ActiveCfg = Debug|Any CPU
		{99FF6BCC-5084-4243-9ECD-55808484F68C}.Ad-Hoc|Any CPU.Build.0 = Debug|Any CPU
		{99FF6BCC-5084-4243-9ECD-55808484F68C}.Ad-Hoc|Any CPU.Deploy.0 = Debug|Any CPU
		{99FF6BCC-5084-4243-9ECD-55808484F68C}.Ad-Hoc|ARM.ActiveCfg = Debug|Any CPU
		{99FF6BCC-5084-4243-9ECD-55808484F68C}.Ad-Hoc|ARM.Build.0 = Debug|Any CPU
		{99FF6BCC-5084-4243-9ECD-55808484F68C}.Ad-Hoc|ARM.Deploy.0 = Debug|Any CPU
		{99FF6BCC-5084-4243-9ECD-55808484F68C}.Ad-Hoc|iPhone.ActiveCfg = Debug|Any CPU
		{99FF6BCC-5084-4243-9ECD-55808484F68C}.Ad-Hoc|iPhone.Build.0 = Debug|Any CPU
		{99FF6BCC-5084-4243-9ECD-55808484F68C}.Ad-Hoc|iPhone.Deploy.0 = Debug|Any CPU
		{99FF6BCC-5084-4243-9ECD-55808484F68C}.Ad-Hoc|iPhoneSimulator.ActiveCfg = Debug|Any CPU
		{99FF6BCC-5084-4243-9ECD-55808484F68C}.Ad-Hoc|iPhoneSimulator.Build.0 = Debug|Any CPU
		{99FF6BCC-5084-4243-9ECD-55808484F68C}.Ad-Hoc|iPhoneSimulator.Deploy.0 = Debug|Any CPU
		{99FF6BCC-5084-4243-9ECD-55808484F68C}.Ad-Hoc|x64.ActiveCfg = Debug|Any CPU
		{99FF6BCC-5084-4243-9ECD-55808484F68C}.Ad-Hoc|x64.Build.0 = Debug|Any CPU
		{99FF6BCC-5084-4243-9ECD-55808484F68C}.Ad-Hoc|x64.Deploy.0 = Debug|Any CPU
		{99FF6BCC-5084-4243-9ECD-55808484F68C}.Ad-Hoc|x86.ActiveCfg = Debug|Any CPU
		{99FF6BCC-5084-4243-9ECD-55808484F68C}.Ad-Hoc|x86.Build.0 = Debug|Any CPU
		{99FF6BCC-5084-4243-9ECD-55808484F68C}.Ad-Hoc|x86.Deploy.0 = Debug|Any CPU
		{99FF6BCC-5084-4243-9ECD-55808484F68C}.AppStore|Any CPU.ActiveCfg = Debug|Any CPU
		{99FF6BCC-5084-4243-9ECD-55808484F68C}.AppStore|Any CPU.Build.0 = Debug|Any CPU
		{99FF6BCC-5084-4243-9ECD-55808484F68C}.AppStore|Any CPU.Deploy.0 = Debug|Any CPU
		{99FF6BCC-5084-4243-9ECD-55808484F68C}.AppStore|ARM.ActiveCfg = Debug|Any CPU
		{99FF6BCC-5084-4243-9ECD-55808484F68C}.AppStore|ARM.Build.0 = Debug|Any CPU
		{99FF6BCC-5084-4243-9ECD-55808484F68C}.AppStore|ARM.Deploy.0 = Debug|Any CPU
		{99FF6BCC-5084-4243-9ECD-55808484F68C}.AppStore|iPhone.ActiveCfg = Debug|Any CPU
		{99FF6BCC-5084-4243-9ECD-55808484F68C}.AppStore|iPhone.Build.0 = Debug|Any CPU
		{99FF6BCC-5084-4243-9ECD-55808484F68C}.AppStore|iPhone.Deploy.0 = Debug|Any CPU
		{99FF6BCC-5084-4243-9ECD-55808484F68C}.AppStore|iPhoneSimulator.ActiveCfg = Debug|Any CPU
		{99FF6BCC-5084-4243-9ECD-55808484F68C}.AppStore|iPhoneSimulator.Build.0 = Debug|Any CPU
		{99FF6BCC-5084-4243-9ECD-55808484F68C}.AppStore|iPhoneSimulator.Deploy.0 = Debug|Any CPU
		{99FF6BCC-5084-4243-9ECD-55808484F68C}.AppStore|x64.ActiveCfg = Debug|Any CPU
		{99FF6BCC-5084-4243-9ECD-55808484F68C}.AppStore|x64.Build.0 = Debug|Any CPU
		{99FF6BCC-5084-4243-9ECD-55808484F68C}.AppStore|x64.Deploy.0 = Debug|Any CPU
		{99FF6BCC-5084-4243-9ECD-55808484F68C}.AppStore|x86.ActiveCfg = Debug|Any CPU
		{99FF6BCC-5084-4243-9ECD-55808484F68C}.AppStore|x86.Build.0 = Debug|Any CPU
		{99FF6BCC-5084-4243-9ECD-55808484F68C}.AppStore|x86.Deploy.0 = Debug|Any CPU
		{99FF6BCC-5084-4243-9ECD-55808484F68C}.Debug|Any CPU.ActiveCfg = Debug|Any CPU
		{99FF6BCC-5084-4243-9ECD-55808484F68C}.Debug|Any CPU.Build.0 = Debug|Any CPU
		{99FF6BCC-5084-4243-9ECD-55808484F68C}.Debug|Any CPU.Deploy.0 = Debug|Any CPU
		{99FF6BCC-5084-4243-9ECD-55808484F68C}.Debug|ARM.ActiveCfg = Debug|Any CPU
		{99FF6BCC-5084-4243-9ECD-55808484F68C}.Debug|ARM.Build.0 = Debug|Any CPU
		{99FF6BCC-5084-4243-9ECD-55808484F68C}.Debug|ARM.Deploy.0 = Debug|Any CPU
		{99FF6BCC-5084-4243-9ECD-55808484F68C}.Debug|iPhone.ActiveCfg = Debug|Any CPU
		{99FF6BCC-5084-4243-9ECD-55808484F68C}.Debug|iPhone.Build.0 = Debug|Any CPU
		{99FF6BCC-5084-4243-9ECD-55808484F68C}.Debug|iPhone.Deploy.0 = Debug|Any CPU
		{99FF6BCC-5084-4243-9ECD-55808484F68C}.Debug|iPhoneSimulator.ActiveCfg = Debug|Any CPU
		{99FF6BCC-5084-4243-9ECD-55808484F68C}.Debug|iPhoneSimulator.Build.0 = Debug|Any CPU
		{99FF6BCC-5084-4243-9ECD-55808484F68C}.Debug|iPhoneSimulator.Deploy.0 = Debug|Any CPU
		{99FF6BCC-5084-4243-9ECD-55808484F68C}.Debug|x64.ActiveCfg = Debug|Any CPU
		{99FF6BCC-5084-4243-9ECD-55808484F68C}.Debug|x64.Build.0 = Debug|Any CPU
		{99FF6BCC-5084-4243-9ECD-55808484F68C}.Debug|x64.Deploy.0 = Debug|Any CPU
		{99FF6BCC-5084-4243-9ECD-55808484F68C}.Debug|x86.ActiveCfg = Debug|Any CPU
		{99FF6BCC-5084-4243-9ECD-55808484F68C}.Debug|x86.Build.0 = Debug|Any CPU
		{99FF6BCC-5084-4243-9ECD-55808484F68C}.Debug|x86.Deploy.0 = Debug|Any CPU
		{99FF6BCC-5084-4243-9ECD-55808484F68C}.Release|Any CPU.ActiveCfg = Release|Any CPU
		{99FF6BCC-5084-4243-9ECD-55808484F68C}.Release|Any CPU.Build.0 = Release|Any CPU
		{99FF6BCC-5084-4243-9ECD-55808484F68C}.Release|Any CPU.Deploy.0 = Release|Any CPU
		{99FF6BCC-5084-4243-9ECD-55808484F68C}.Release|ARM.ActiveCfg = Release|Any CPU
		{99FF6BCC-5084-4243-9ECD-55808484F68C}.Release|ARM.Build.0 = Release|Any CPU
		{99FF6BCC-5084-4243-9ECD-55808484F68C}.Release|ARM.Deploy.0 = Release|Any CPU
		{99FF6BCC-5084-4243-9ECD-55808484F68C}.Release|iPhone.ActiveCfg = Release|Any CPU
		{99FF6BCC-5084-4243-9ECD-55808484F68C}.Release|iPhone.Build.0 = Release|Any CPU
		{99FF6BCC-5084-4243-9ECD-55808484F68C}.Release|iPhone.Deploy.0 = Release|Any CPU
		{99FF6BCC-5084-4243-9ECD-55808484F68C}.Release|iPhoneSimulator.ActiveCfg = Release|Any CPU
		{99FF6BCC-5084-4243-9ECD-55808484F68C}.Release|iPhoneSimulator.Build.0 = Release|Any CPU
		{99FF6BCC-5084-4243-9ECD-55808484F68C}.Release|iPhoneSimulator.Deploy.0 = Release|Any CPU
		{99FF6BCC-5084-4243-9ECD-55808484F68C}.Release|x64.ActiveCfg = Release|Any CPU
		{99FF6BCC-5084-4243-9ECD-55808484F68C}.Release|x64.Build.0 = Release|Any CPU
		{99FF6BCC-5084-4243-9ECD-55808484F68C}.Release|x64.Deploy.0 = Release|Any CPU
		{99FF6BCC-5084-4243-9ECD-55808484F68C}.Release|x86.ActiveCfg = Release|Any CPU
		{99FF6BCC-5084-4243-9ECD-55808484F68C}.Release|x86.Build.0 = Release|Any CPU
		{99FF6BCC-5084-4243-9ECD-55808484F68C}.Release|x86.Deploy.0 = Release|Any CPU
		{99FF6BCC-5084-4243-9ECD-55808484F68C}.Release-xml|Any CPU.ActiveCfg = Release-xml|Any CPU
		{99FF6BCC-5084-4243-9ECD-55808484F68C}.Release-xml|Any CPU.Build.0 = Release-xml|Any CPU
		{99FF6BCC-5084-4243-9ECD-55808484F68C}.Release-xml|Any CPU.Deploy.0 = Release-xml|Any CPU
		{99FF6BCC-5084-4243-9ECD-55808484F68C}.Release-xml|ARM.ActiveCfg = Release-xml|Any CPU
		{99FF6BCC-5084-4243-9ECD-55808484F68C}.Release-xml|ARM.Build.0 = Release-xml|Any CPU
		{99FF6BCC-5084-4243-9ECD-55808484F68C}.Release-xml|ARM.Deploy.0 = Release-xml|Any CPU
		{99FF6BCC-5084-4243-9ECD-55808484F68C}.Release-xml|iPhone.ActiveCfg = Release-xml|Any CPU
		{99FF6BCC-5084-4243-9ECD-55808484F68C}.Release-xml|iPhone.Build.0 = Release-xml|Any CPU
		{99FF6BCC-5084-4243-9ECD-55808484F68C}.Release-xml|iPhone.Deploy.0 = Release-xml|Any CPU
		{99FF6BCC-5084-4243-9ECD-55808484F68C}.Release-xml|iPhoneSimulator.ActiveCfg = Release-xml|Any CPU
		{99FF6BCC-5084-4243-9ECD-55808484F68C}.Release-xml|iPhoneSimulator.Build.0 = Release-xml|Any CPU
		{99FF6BCC-5084-4243-9ECD-55808484F68C}.Release-xml|iPhoneSimulator.Deploy.0 = Release-xml|Any CPU
		{99FF6BCC-5084-4243-9ECD-55808484F68C}.Release-xml|x64.ActiveCfg = Release-xml|Any CPU
		{99FF6BCC-5084-4243-9ECD-55808484F68C}.Release-xml|x64.Build.0 = Release-xml|Any CPU
		{99FF6BCC-5084-4243-9ECD-55808484F68C}.Release-xml|x64.Deploy.0 = Release-xml|Any CPU
		{99FF6BCC-5084-4243-9ECD-55808484F68C}.Release-xml|x86.ActiveCfg = Release-xml|Any CPU
		{99FF6BCC-5084-4243-9ECD-55808484F68C}.Release-xml|x86.Build.0 = Release-xml|Any CPU
		{99FF6BCC-5084-4243-9ECD-55808484F68C}.Release-xml|x86.Deploy.0 = Release-xml|Any CPU
		{5FBF8774-D324-4B08-99DD-5AB7AF85D748}.Ad-Hoc|Any CPU.ActiveCfg = Ad-Hoc|iPhoneSimulator
		{5FBF8774-D324-4B08-99DD-5AB7AF85D748}.Ad-Hoc|Any CPU.Build.0 = Ad-Hoc|iPhoneSimulator
		{5FBF8774-D324-4B08-99DD-5AB7AF85D748}.Ad-Hoc|ARM.ActiveCfg = Ad-Hoc|iPhoneSimulator
		{5FBF8774-D324-4B08-99DD-5AB7AF85D748}.Ad-Hoc|ARM.Build.0 = Ad-Hoc|iPhoneSimulator
		{5FBF8774-D324-4B08-99DD-5AB7AF85D748}.Ad-Hoc|iPhone.ActiveCfg = Ad-Hoc|iPhone
		{5FBF8774-D324-4B08-99DD-5AB7AF85D748}.Ad-Hoc|iPhone.Build.0 = Ad-Hoc|iPhone
		{5FBF8774-D324-4B08-99DD-5AB7AF85D748}.Ad-Hoc|iPhoneSimulator.ActiveCfg = Ad-Hoc|iPhoneSimulator
		{5FBF8774-D324-4B08-99DD-5AB7AF85D748}.Ad-Hoc|iPhoneSimulator.Build.0 = Ad-Hoc|iPhoneSimulator
		{5FBF8774-D324-4B08-99DD-5AB7AF85D748}.Ad-Hoc|x64.ActiveCfg = Ad-Hoc|iPhoneSimulator
		{5FBF8774-D324-4B08-99DD-5AB7AF85D748}.Ad-Hoc|x64.Build.0 = Ad-Hoc|iPhoneSimulator
		{5FBF8774-D324-4B08-99DD-5AB7AF85D748}.Ad-Hoc|x86.ActiveCfg = Ad-Hoc|iPhoneSimulator
		{5FBF8774-D324-4B08-99DD-5AB7AF85D748}.Ad-Hoc|x86.Build.0 = Ad-Hoc|iPhoneSimulator
		{5FBF8774-D324-4B08-99DD-5AB7AF85D748}.AppStore|Any CPU.ActiveCfg = AppStore|iPhoneSimulator
		{5FBF8774-D324-4B08-99DD-5AB7AF85D748}.AppStore|Any CPU.Build.0 = AppStore|iPhoneSimulator
		{5FBF8774-D324-4B08-99DD-5AB7AF85D748}.AppStore|ARM.ActiveCfg = AppStore|iPhoneSimulator
		{5FBF8774-D324-4B08-99DD-5AB7AF85D748}.AppStore|ARM.Build.0 = AppStore|iPhoneSimulator
		{5FBF8774-D324-4B08-99DD-5AB7AF85D748}.AppStore|iPhone.ActiveCfg = AppStore|iPhone
		{5FBF8774-D324-4B08-99DD-5AB7AF85D748}.AppStore|iPhone.Build.0 = AppStore|iPhone
		{5FBF8774-D324-4B08-99DD-5AB7AF85D748}.AppStore|iPhoneSimulator.ActiveCfg = AppStore|iPhoneSimulator
		{5FBF8774-D324-4B08-99DD-5AB7AF85D748}.AppStore|iPhoneSimulator.Build.0 = AppStore|iPhoneSimulator
		{5FBF8774-D324-4B08-99DD-5AB7AF85D748}.AppStore|x64.ActiveCfg = AppStore|iPhoneSimulator
		{5FBF8774-D324-4B08-99DD-5AB7AF85D748}.AppStore|x64.Build.0 = AppStore|iPhoneSimulator
		{5FBF8774-D324-4B08-99DD-5AB7AF85D748}.AppStore|x86.ActiveCfg = AppStore|iPhoneSimulator
		{5FBF8774-D324-4B08-99DD-5AB7AF85D748}.AppStore|x86.Build.0 = AppStore|iPhoneSimulator
		{5FBF8774-D324-4B08-99DD-5AB7AF85D748}.Debug|Any CPU.ActiveCfg = Debug|iPhoneSimulator
		{5FBF8774-D324-4B08-99DD-5AB7AF85D748}.Debug|Any CPU.Build.0 = Debug|iPhoneSimulator
		{5FBF8774-D324-4B08-99DD-5AB7AF85D748}.Debug|ARM.ActiveCfg = Debug|iPhoneSimulator
		{5FBF8774-D324-4B08-99DD-5AB7AF85D748}.Debug|ARM.Build.0 = Debug|iPhoneSimulator
		{5FBF8774-D324-4B08-99DD-5AB7AF85D748}.Debug|iPhone.ActiveCfg = Debug|iPhone
		{5FBF8774-D324-4B08-99DD-5AB7AF85D748}.Debug|iPhone.Build.0 = Debug|iPhone
		{5FBF8774-D324-4B08-99DD-5AB7AF85D748}.Debug|iPhoneSimulator.ActiveCfg = Debug|iPhoneSimulator
		{5FBF8774-D324-4B08-99DD-5AB7AF85D748}.Debug|iPhoneSimulator.Build.0 = Debug|iPhoneSimulator
		{5FBF8774-D324-4B08-99DD-5AB7AF85D748}.Debug|x64.ActiveCfg = Debug|iPhoneSimulator
		{5FBF8774-D324-4B08-99DD-5AB7AF85D748}.Debug|x64.Build.0 = Debug|iPhoneSimulator
		{5FBF8774-D324-4B08-99DD-5AB7AF85D748}.Debug|x86.ActiveCfg = Debug|iPhoneSimulator
		{5FBF8774-D324-4B08-99DD-5AB7AF85D748}.Debug|x86.Build.0 = Debug|iPhoneSimulator
		{5FBF8774-D324-4B08-99DD-5AB7AF85D748}.Release|Any CPU.ActiveCfg = Release|iPhoneSimulator
		{5FBF8774-D324-4B08-99DD-5AB7AF85D748}.Release|Any CPU.Build.0 = Release|iPhoneSimulator
		{5FBF8774-D324-4B08-99DD-5AB7AF85D748}.Release|ARM.ActiveCfg = Release|iPhoneSimulator
		{5FBF8774-D324-4B08-99DD-5AB7AF85D748}.Release|ARM.Build.0 = Release|iPhoneSimulator
		{5FBF8774-D324-4B08-99DD-5AB7AF85D748}.Release|iPhone.ActiveCfg = Release|iPhone
		{5FBF8774-D324-4B08-99DD-5AB7AF85D748}.Release|iPhone.Build.0 = Release|iPhone
		{5FBF8774-D324-4B08-99DD-5AB7AF85D748}.Release|iPhoneSimulator.ActiveCfg = Release|iPhoneSimulator
		{5FBF8774-D324-4B08-99DD-5AB7AF85D748}.Release|iPhoneSimulator.Build.0 = Release|iPhoneSimulator
		{5FBF8774-D324-4B08-99DD-5AB7AF85D748}.Release|x64.ActiveCfg = Release|iPhoneSimulator
		{5FBF8774-D324-4B08-99DD-5AB7AF85D748}.Release|x64.Build.0 = Release|iPhoneSimulator
		{5FBF8774-D324-4B08-99DD-5AB7AF85D748}.Release|x86.ActiveCfg = Release|iPhoneSimulator
		{5FBF8774-D324-4B08-99DD-5AB7AF85D748}.Release|x86.Build.0 = Release|iPhoneSimulator
		{5FBF8774-D324-4B08-99DD-5AB7AF85D748}.Release-xml|Any CPU.ActiveCfg = Release-xml|iPhoneSimulator
		{5FBF8774-D324-4B08-99DD-5AB7AF85D748}.Release-xml|Any CPU.Build.0 = Release-xml|iPhoneSimulator
		{5FBF8774-D324-4B08-99DD-5AB7AF85D748}.Release-xml|ARM.ActiveCfg = Release-xml|iPhoneSimulator
		{5FBF8774-D324-4B08-99DD-5AB7AF85D748}.Release-xml|ARM.Build.0 = Release-xml|iPhoneSimulator
		{5FBF8774-D324-4B08-99DD-5AB7AF85D748}.Release-xml|iPhone.ActiveCfg = Release-xml|iPhone
		{5FBF8774-D324-4B08-99DD-5AB7AF85D748}.Release-xml|iPhone.Build.0 = Release-xml|iPhone
		{5FBF8774-D324-4B08-99DD-5AB7AF85D748}.Release-xml|iPhoneSimulator.ActiveCfg = Release-xml|iPhoneSimulator
		{5FBF8774-D324-4B08-99DD-5AB7AF85D748}.Release-xml|iPhoneSimulator.Build.0 = Release-xml|iPhoneSimulator
		{5FBF8774-D324-4B08-99DD-5AB7AF85D748}.Release-xml|x64.ActiveCfg = Release-xml|iPhoneSimulator
		{5FBF8774-D324-4B08-99DD-5AB7AF85D748}.Release-xml|x64.Build.0 = Release-xml|iPhoneSimulator
		{5FBF8774-D324-4B08-99DD-5AB7AF85D748}.Release-xml|x86.ActiveCfg = Release-xml|iPhoneSimulator
		{5FBF8774-D324-4B08-99DD-5AB7AF85D748}.Release-xml|x86.Build.0 = Release-xml|iPhoneSimulator
		{D36A53C8-62AC-475F-AF9E-F7C2D92F13BD}.Ad-Hoc|Any CPU.ActiveCfg = Debug|ARM
		{D36A53C8-62AC-475F-AF9E-F7C2D92F13BD}.Ad-Hoc|Any CPU.Build.0 = Debug|ARM
		{D36A53C8-62AC-475F-AF9E-F7C2D92F13BD}.Ad-Hoc|Any CPU.Deploy.0 = Debug|ARM
		{D36A53C8-62AC-475F-AF9E-F7C2D92F13BD}.Ad-Hoc|ARM.ActiveCfg = Debug|ARM
		{D36A53C8-62AC-475F-AF9E-F7C2D92F13BD}.Ad-Hoc|ARM.Build.0 = Debug|ARM
		{D36A53C8-62AC-475F-AF9E-F7C2D92F13BD}.Ad-Hoc|ARM.Deploy.0 = Debug|ARM
		{D36A53C8-62AC-475F-AF9E-F7C2D92F13BD}.Ad-Hoc|iPhone.ActiveCfg = Debug|ARM
		{D36A53C8-62AC-475F-AF9E-F7C2D92F13BD}.Ad-Hoc|iPhone.Build.0 = Debug|ARM
		{D36A53C8-62AC-475F-AF9E-F7C2D92F13BD}.Ad-Hoc|iPhone.Deploy.0 = Debug|ARM
		{D36A53C8-62AC-475F-AF9E-F7C2D92F13BD}.Ad-Hoc|iPhoneSimulator.ActiveCfg = Debug|ARM
		{D36A53C8-62AC-475F-AF9E-F7C2D92F13BD}.Ad-Hoc|iPhoneSimulator.Build.0 = Debug|ARM
		{D36A53C8-62AC-475F-AF9E-F7C2D92F13BD}.Ad-Hoc|iPhoneSimulator.Deploy.0 = Debug|ARM
		{D36A53C8-62AC-475F-AF9E-F7C2D92F13BD}.Ad-Hoc|x64.ActiveCfg = Debug|x64
		{D36A53C8-62AC-475F-AF9E-F7C2D92F13BD}.Ad-Hoc|x64.Build.0 = Debug|x64
		{D36A53C8-62AC-475F-AF9E-F7C2D92F13BD}.Ad-Hoc|x64.Deploy.0 = Debug|x64
		{D36A53C8-62AC-475F-AF9E-F7C2D92F13BD}.Ad-Hoc|x86.ActiveCfg = Debug|x86
		{D36A53C8-62AC-475F-AF9E-F7C2D92F13BD}.Ad-Hoc|x86.Build.0 = Debug|x86
		{D36A53C8-62AC-475F-AF9E-F7C2D92F13BD}.Ad-Hoc|x86.Deploy.0 = Debug|x86
		{D36A53C8-62AC-475F-AF9E-F7C2D92F13BD}.AppStore|Any CPU.ActiveCfg = Debug|ARM
		{D36A53C8-62AC-475F-AF9E-F7C2D92F13BD}.AppStore|Any CPU.Build.0 = Debug|ARM
		{D36A53C8-62AC-475F-AF9E-F7C2D92F13BD}.AppStore|Any CPU.Deploy.0 = Debug|ARM
		{D36A53C8-62AC-475F-AF9E-F7C2D92F13BD}.AppStore|ARM.ActiveCfg = Debug|ARM
		{D36A53C8-62AC-475F-AF9E-F7C2D92F13BD}.AppStore|ARM.Build.0 = Debug|ARM
		{D36A53C8-62AC-475F-AF9E-F7C2D92F13BD}.AppStore|ARM.Deploy.0 = Debug|ARM
		{D36A53C8-62AC-475F-AF9E-F7C2D92F13BD}.AppStore|iPhone.ActiveCfg = Debug|ARM
		{D36A53C8-62AC-475F-AF9E-F7C2D92F13BD}.AppStore|iPhone.Build.0 = Debug|ARM
		{D36A53C8-62AC-475F-AF9E-F7C2D92F13BD}.AppStore|iPhone.Deploy.0 = Debug|ARM
		{D36A53C8-62AC-475F-AF9E-F7C2D92F13BD}.AppStore|iPhoneSimulator.ActiveCfg = Debug|ARM
		{D36A53C8-62AC-475F-AF9E-F7C2D92F13BD}.AppStore|iPhoneSimulator.Build.0 = Debug|ARM
		{D36A53C8-62AC-475F-AF9E-F7C2D92F13BD}.AppStore|iPhoneSimulator.Deploy.0 = Debug|ARM
		{D36A53C8-62AC-475F-AF9E-F7C2D92F13BD}.AppStore|x64.ActiveCfg = Debug|x64
		{D36A53C8-62AC-475F-AF9E-F7C2D92F13BD}.AppStore|x64.Build.0 = Debug|x64
		{D36A53C8-62AC-475F-AF9E-F7C2D92F13BD}.AppStore|x64.Deploy.0 = Debug|x64
		{D36A53C8-62AC-475F-AF9E-F7C2D92F13BD}.AppStore|x86.ActiveCfg = Debug|x86
		{D36A53C8-62AC-475F-AF9E-F7C2D92F13BD}.AppStore|x86.Build.0 = Debug|x86
		{D36A53C8-62AC-475F-AF9E-F7C2D92F13BD}.AppStore|x86.Deploy.0 = Debug|x86
		{D36A53C8-62AC-475F-AF9E-F7C2D92F13BD}.Debug|Any CPU.ActiveCfg = Debug|x64
		{D36A53C8-62AC-475F-AF9E-F7C2D92F13BD}.Debug|Any CPU.Build.0 = Debug|x64
		{D36A53C8-62AC-475F-AF9E-F7C2D92F13BD}.Debug|Any CPU.Deploy.0 = Debug|x64
		{D36A53C8-62AC-475F-AF9E-F7C2D92F13BD}.Debug|ARM.ActiveCfg = Debug|ARM
		{D36A53C8-62AC-475F-AF9E-F7C2D92F13BD}.Debug|ARM.Build.0 = Debug|ARM
		{D36A53C8-62AC-475F-AF9E-F7C2D92F13BD}.Debug|ARM.Deploy.0 = Debug|ARM
		{D36A53C8-62AC-475F-AF9E-F7C2D92F13BD}.Debug|iPhone.ActiveCfg = Debug|x64
		{D36A53C8-62AC-475F-AF9E-F7C2D92F13BD}.Debug|iPhone.Build.0 = Debug|x64
		{D36A53C8-62AC-475F-AF9E-F7C2D92F13BD}.Debug|iPhone.Deploy.0 = Debug|x64
		{D36A53C8-62AC-475F-AF9E-F7C2D92F13BD}.Debug|iPhoneSimulator.ActiveCfg = Debug|x64
		{D36A53C8-62AC-475F-AF9E-F7C2D92F13BD}.Debug|iPhoneSimulator.Build.0 = Debug|x64
		{D36A53C8-62AC-475F-AF9E-F7C2D92F13BD}.Debug|iPhoneSimulator.Deploy.0 = Debug|x64
		{D36A53C8-62AC-475F-AF9E-F7C2D92F13BD}.Debug|x64.ActiveCfg = Debug|x64
		{D36A53C8-62AC-475F-AF9E-F7C2D92F13BD}.Debug|x64.Build.0 = Debug|x64
		{D36A53C8-62AC-475F-AF9E-F7C2D92F13BD}.Debug|x64.Deploy.0 = Debug|x64
		{D36A53C8-62AC-475F-AF9E-F7C2D92F13BD}.Debug|x86.ActiveCfg = Debug|x86
		{D36A53C8-62AC-475F-AF9E-F7C2D92F13BD}.Debug|x86.Build.0 = Debug|x86
		{D36A53C8-62AC-475F-AF9E-F7C2D92F13BD}.Debug|x86.Deploy.0 = Debug|x86
		{D36A53C8-62AC-475F-AF9E-F7C2D92F13BD}.Release|Any CPU.ActiveCfg = Release|x64
		{D36A53C8-62AC-475F-AF9E-F7C2D92F13BD}.Release|Any CPU.Build.0 = Release|x64
		{D36A53C8-62AC-475F-AF9E-F7C2D92F13BD}.Release|Any CPU.Deploy.0 = Release|x64
		{D36A53C8-62AC-475F-AF9E-F7C2D92F13BD}.Release|ARM.ActiveCfg = Release|ARM
		{D36A53C8-62AC-475F-AF9E-F7C2D92F13BD}.Release|ARM.Build.0 = Release|ARM
		{D36A53C8-62AC-475F-AF9E-F7C2D92F13BD}.Release|ARM.Deploy.0 = Release|ARM
		{D36A53C8-62AC-475F-AF9E-F7C2D92F13BD}.Release|iPhone.ActiveCfg = Release|x64
		{D36A53C8-62AC-475F-AF9E-F7C2D92F13BD}.Release|iPhone.Build.0 = Release|x64
		{D36A53C8-62AC-475F-AF9E-F7C2D92F13BD}.Release|iPhone.Deploy.0 = Release|x64
		{D36A53C8-62AC-475F-AF9E-F7C2D92F13BD}.Release|iPhoneSimulator.ActiveCfg = Release|x64
		{D36A53C8-62AC-475F-AF9E-F7C2D92F13BD}.Release|iPhoneSimulator.Build.0 = Release|x64
		{D36A53C8-62AC-475F-AF9E-F7C2D92F13BD}.Release|iPhoneSimulator.Deploy.0 = Release|x64
		{D36A53C8-62AC-475F-AF9E-F7C2D92F13BD}.Release|x64.ActiveCfg = Release|x64
		{D36A53C8-62AC-475F-AF9E-F7C2D92F13BD}.Release|x64.Build.0 = Release|x64
		{D36A53C8-62AC-475F-AF9E-F7C2D92F13BD}.Release|x64.Deploy.0 = Release|x64
		{D36A53C8-62AC-475F-AF9E-F7C2D92F13BD}.Release|x86.ActiveCfg = Release|x86
		{D36A53C8-62AC-475F-AF9E-F7C2D92F13BD}.Release|x86.Build.0 = Release|x86
		{D36A53C8-62AC-475F-AF9E-F7C2D92F13BD}.Release|x86.Deploy.0 = Release|x86
		{D36A53C8-62AC-475F-AF9E-F7C2D92F13BD}.Release-xml|Any CPU.ActiveCfg = Release-xml|x64
		{D36A53C8-62AC-475F-AF9E-F7C2D92F13BD}.Release-xml|Any CPU.Build.0 = Release-xml|x64
		{D36A53C8-62AC-475F-AF9E-F7C2D92F13BD}.Release-xml|Any CPU.Deploy.0 = Release-xml|x64
		{D36A53C8-62AC-475F-AF9E-F7C2D92F13BD}.Release-xml|ARM.ActiveCfg = Release-xml|ARM
		{D36A53C8-62AC-475F-AF9E-F7C2D92F13BD}.Release-xml|ARM.Build.0 = Release-xml|ARM
		{D36A53C8-62AC-475F-AF9E-F7C2D92F13BD}.Release-xml|ARM.Deploy.0 = Release-xml|ARM
		{D36A53C8-62AC-475F-AF9E-F7C2D92F13BD}.Release-xml|iPhone.ActiveCfg = Release-xml|x64
		{D36A53C8-62AC-475F-AF9E-F7C2D92F13BD}.Release-xml|iPhone.Build.0 = Release-xml|x64
		{D36A53C8-62AC-475F-AF9E-F7C2D92F13BD}.Release-xml|iPhone.Deploy.0 = Release-xml|x64
		{D36A53C8-62AC-475F-AF9E-F7C2D92F13BD}.Release-xml|iPhoneSimulator.ActiveCfg = Release-xml|x64
		{D36A53C8-62AC-475F-AF9E-F7C2D92F13BD}.Release-xml|iPhoneSimulator.Build.0 = Release-xml|x64
		{D36A53C8-62AC-475F-AF9E-F7C2D92F13BD}.Release-xml|iPhoneSimulator.Deploy.0 = Release-xml|x64
		{D36A53C8-62AC-475F-AF9E-F7C2D92F13BD}.Release-xml|x64.ActiveCfg = Release-xml|x64
		{D36A53C8-62AC-475F-AF9E-F7C2D92F13BD}.Release-xml|x64.Build.0 = Release-xml|x64
		{D36A53C8-62AC-475F-AF9E-F7C2D92F13BD}.Release-xml|x64.Deploy.0 = Release-xml|x64
		{D36A53C8-62AC-475F-AF9E-F7C2D92F13BD}.Release-xml|x86.ActiveCfg = Release-xml|x86
		{D36A53C8-62AC-475F-AF9E-F7C2D92F13BD}.Release-xml|x86.Build.0 = Release-xml|x86
		{D36A53C8-62AC-475F-AF9E-F7C2D92F13BD}.Release-xml|x86.Deploy.0 = Release-xml|x86
		{D8926553-12B8-417D-90C0-FD922E37C58D}.Ad-Hoc|Any CPU.ActiveCfg = Debug|Any CPU
		{D8926553-12B8-417D-90C0-FD922E37C58D}.Ad-Hoc|Any CPU.Build.0 = Debug|Any CPU
		{D8926553-12B8-417D-90C0-FD922E37C58D}.Ad-Hoc|ARM.ActiveCfg = Debug|Any CPU
		{D8926553-12B8-417D-90C0-FD922E37C58D}.Ad-Hoc|ARM.Build.0 = Debug|Any CPU
		{D8926553-12B8-417D-90C0-FD922E37C58D}.Ad-Hoc|iPhone.ActiveCfg = Debug|Any CPU
		{D8926553-12B8-417D-90C0-FD922E37C58D}.Ad-Hoc|iPhone.Build.0 = Debug|Any CPU
		{D8926553-12B8-417D-90C0-FD922E37C58D}.Ad-Hoc|iPhoneSimulator.ActiveCfg = Debug|Any CPU
		{D8926553-12B8-417D-90C0-FD922E37C58D}.Ad-Hoc|iPhoneSimulator.Build.0 = Debug|Any CPU
		{D8926553-12B8-417D-90C0-FD922E37C58D}.Ad-Hoc|x64.ActiveCfg = Debug|Any CPU
		{D8926553-12B8-417D-90C0-FD922E37C58D}.Ad-Hoc|x64.Build.0 = Debug|Any CPU
		{D8926553-12B8-417D-90C0-FD922E37C58D}.Ad-Hoc|x86.ActiveCfg = Debug|Any CPU
		{D8926553-12B8-417D-90C0-FD922E37C58D}.Ad-Hoc|x86.Build.0 = Debug|Any CPU
		{D8926553-12B8-417D-90C0-FD922E37C58D}.AppStore|Any CPU.ActiveCfg = Debug|Any CPU
		{D8926553-12B8-417D-90C0-FD922E37C58D}.AppStore|Any CPU.Build.0 = Debug|Any CPU
		{D8926553-12B8-417D-90C0-FD922E37C58D}.AppStore|ARM.ActiveCfg = Debug|Any CPU
		{D8926553-12B8-417D-90C0-FD922E37C58D}.AppStore|ARM.Build.0 = Debug|Any CPU
		{D8926553-12B8-417D-90C0-FD922E37C58D}.AppStore|iPhone.ActiveCfg = Debug|Any CPU
		{D8926553-12B8-417D-90C0-FD922E37C58D}.AppStore|iPhone.Build.0 = Debug|Any CPU
		{D8926553-12B8-417D-90C0-FD922E37C58D}.AppStore|iPhoneSimulator.ActiveCfg = Debug|Any CPU
		{D8926553-12B8-417D-90C0-FD922E37C58D}.AppStore|iPhoneSimulator.Build.0 = Debug|Any CPU
		{D8926553-12B8-417D-90C0-FD922E37C58D}.AppStore|x64.ActiveCfg = Debug|Any CPU
		{D8926553-12B8-417D-90C0-FD922E37C58D}.AppStore|x64.Build.0 = Debug|Any CPU
		{D8926553-12B8-417D-90C0-FD922E37C58D}.AppStore|x86.ActiveCfg = Debug|Any CPU
		{D8926553-12B8-417D-90C0-FD922E37C58D}.AppStore|x86.Build.0 = Debug|Any CPU
		{D8926553-12B8-417D-90C0-FD922E37C58D}.Debug|Any CPU.ActiveCfg = Debug|Any CPU
		{D8926553-12B8-417D-90C0-FD922E37C58D}.Debug|Any CPU.Build.0 = Debug|Any CPU
		{D8926553-12B8-417D-90C0-FD922E37C58D}.Debug|ARM.ActiveCfg = Debug|Any CPU
		{D8926553-12B8-417D-90C0-FD922E37C58D}.Debug|ARM.Build.0 = Debug|Any CPU
		{D8926553-12B8-417D-90C0-FD922E37C58D}.Debug|iPhone.ActiveCfg = Debug|Any CPU
		{D8926553-12B8-417D-90C0-FD922E37C58D}.Debug|iPhone.Build.0 = Debug|Any CPU
		{D8926553-12B8-417D-90C0-FD922E37C58D}.Debug|iPhoneSimulator.ActiveCfg = Debug|Any CPU
		{D8926553-12B8-417D-90C0-FD922E37C58D}.Debug|iPhoneSimulator.Build.0 = Debug|Any CPU
		{D8926553-12B8-417D-90C0-FD922E37C58D}.Debug|x64.ActiveCfg = Debug|Any CPU
		{D8926553-12B8-417D-90C0-FD922E37C58D}.Debug|x64.Build.0 = Debug|Any CPU
		{D8926553-12B8-417D-90C0-FD922E37C58D}.Debug|x86.ActiveCfg = Debug|Any CPU
		{D8926553-12B8-417D-90C0-FD922E37C58D}.Debug|x86.Build.0 = Debug|Any CPU
		{D8926553-12B8-417D-90C0-FD922E37C58D}.Release|Any CPU.ActiveCfg = Release|Any CPU
		{D8926553-12B8-417D-90C0-FD922E37C58D}.Release|Any CPU.Build.0 = Release|Any CPU
		{D8926553-12B8-417D-90C0-FD922E37C58D}.Release|ARM.ActiveCfg = Release|Any CPU
		{D8926553-12B8-417D-90C0-FD922E37C58D}.Release|ARM.Build.0 = Release|Any CPU
		{D8926553-12B8-417D-90C0-FD922E37C58D}.Release|iPhone.ActiveCfg = Release|Any CPU
		{D8926553-12B8-417D-90C0-FD922E37C58D}.Release|iPhone.Build.0 = Release|Any CPU
		{D8926553-12B8-417D-90C0-FD922E37C58D}.Release|iPhoneSimulator.ActiveCfg = Release|Any CPU
		{D8926553-12B8-417D-90C0-FD922E37C58D}.Release|iPhoneSimulator.Build.0 = Release|Any CPU
		{D8926553-12B8-417D-90C0-FD922E37C58D}.Release|x64.ActiveCfg = Release|Any CPU
		{D8926553-12B8-417D-90C0-FD922E37C58D}.Release|x64.Build.0 = Release|Any CPU
		{D8926553-12B8-417D-90C0-FD922E37C58D}.Release|x86.ActiveCfg = Release|Any CPU
		{D8926553-12B8-417D-90C0-FD922E37C58D}.Release|x86.Build.0 = Release|Any CPU
		{D8926553-12B8-417D-90C0-FD922E37C58D}.Release-xml|Any CPU.ActiveCfg = Release|Any CPU
		{D8926553-12B8-417D-90C0-FD922E37C58D}.Release-xml|Any CPU.Build.0 = Release|Any CPU
		{D8926553-12B8-417D-90C0-FD922E37C58D}.Release-xml|ARM.ActiveCfg = Release|Any CPU
		{D8926553-12B8-417D-90C0-FD922E37C58D}.Release-xml|ARM.Build.0 = Release|Any CPU
		{D8926553-12B8-417D-90C0-FD922E37C58D}.Release-xml|iPhone.ActiveCfg = Release|Any CPU
		{D8926553-12B8-417D-90C0-FD922E37C58D}.Release-xml|iPhone.Build.0 = Release|Any CPU
		{D8926553-12B8-417D-90C0-FD922E37C58D}.Release-xml|iPhoneSimulator.ActiveCfg = Release|Any CPU
		{D8926553-12B8-417D-90C0-FD922E37C58D}.Release-xml|iPhoneSimulator.Build.0 = Release|Any CPU
		{D8926553-12B8-417D-90C0-FD922E37C58D}.Release-xml|x64.ActiveCfg = Release|Any CPU
		{D8926553-12B8-417D-90C0-FD922E37C58D}.Release-xml|x64.Build.0 = Release|Any CPU
		{D8926553-12B8-417D-90C0-FD922E37C58D}.Release-xml|x86.ActiveCfg = Release|Any CPU
		{D8926553-12B8-417D-90C0-FD922E37C58D}.Release-xml|x86.Build.0 = Release|Any CPU
		{85E00A55-2584-4619-B141-23E8C7440E00}.Ad-Hoc|Any CPU.ActiveCfg = Debug|Any CPU
		{85E00A55-2584-4619-B141-23E8C7440E00}.Ad-Hoc|Any CPU.Build.0 = Debug|Any CPU
		{85E00A55-2584-4619-B141-23E8C7440E00}.Ad-Hoc|ARM.ActiveCfg = Debug|Any CPU
		{85E00A55-2584-4619-B141-23E8C7440E00}.Ad-Hoc|ARM.Build.0 = Debug|Any CPU
		{85E00A55-2584-4619-B141-23E8C7440E00}.Ad-Hoc|iPhone.ActiveCfg = Debug|Any CPU
		{85E00A55-2584-4619-B141-23E8C7440E00}.Ad-Hoc|iPhone.Build.0 = Debug|Any CPU
		{85E00A55-2584-4619-B141-23E8C7440E00}.Ad-Hoc|iPhoneSimulator.ActiveCfg = Debug|Any CPU
		{85E00A55-2584-4619-B141-23E8C7440E00}.Ad-Hoc|iPhoneSimulator.Build.0 = Debug|Any CPU
		{85E00A55-2584-4619-B141-23E8C7440E00}.Ad-Hoc|x64.ActiveCfg = Debug|Any CPU
		{85E00A55-2584-4619-B141-23E8C7440E00}.Ad-Hoc|x64.Build.0 = Debug|Any CPU
		{85E00A55-2584-4619-B141-23E8C7440E00}.Ad-Hoc|x86.ActiveCfg = Debug|Any CPU
		{85E00A55-2584-4619-B141-23E8C7440E00}.Ad-Hoc|x86.Build.0 = Debug|Any CPU
		{85E00A55-2584-4619-B141-23E8C7440E00}.AppStore|Any CPU.ActiveCfg = Debug|Any CPU
		{85E00A55-2584-4619-B141-23E8C7440E00}.AppStore|Any CPU.Build.0 = Debug|Any CPU
		{85E00A55-2584-4619-B141-23E8C7440E00}.AppStore|ARM.ActiveCfg = Debug|Any CPU
		{85E00A55-2584-4619-B141-23E8C7440E00}.AppStore|ARM.Build.0 = Debug|Any CPU
		{85E00A55-2584-4619-B141-23E8C7440E00}.AppStore|iPhone.ActiveCfg = Debug|Any CPU
		{85E00A55-2584-4619-B141-23E8C7440E00}.AppStore|iPhone.Build.0 = Debug|Any CPU
		{85E00A55-2584-4619-B141-23E8C7440E00}.AppStore|iPhoneSimulator.ActiveCfg = Debug|Any CPU
		{85E00A55-2584-4619-B141-23E8C7440E00}.AppStore|iPhoneSimulator.Build.0 = Debug|Any CPU
		{85E00A55-2584-4619-B141-23E8C7440E00}.AppStore|x64.ActiveCfg = Debug|Any CPU
		{85E00A55-2584-4619-B141-23E8C7440E00}.AppStore|x64.Build.0 = Debug|Any CPU
		{85E00A55-2584-4619-B141-23E8C7440E00}.AppStore|x86.ActiveCfg = Debug|Any CPU
		{85E00A55-2584-4619-B141-23E8C7440E00}.AppStore|x86.Build.0 = Debug|Any CPU
		{85E00A55-2584-4619-B141-23E8C7440E00}.Debug|Any CPU.ActiveCfg = Debug|Any CPU
		{85E00A55-2584-4619-B141-23E8C7440E00}.Debug|Any CPU.Build.0 = Debug|Any CPU
		{85E00A55-2584-4619-B141-23E8C7440E00}.Debug|ARM.ActiveCfg = Debug|Any CPU
		{85E00A55-2584-4619-B141-23E8C7440E00}.Debug|ARM.Build.0 = Debug|Any CPU
		{85E00A55-2584-4619-B141-23E8C7440E00}.Debug|iPhone.ActiveCfg = Debug|Any CPU
		{85E00A55-2584-4619-B141-23E8C7440E00}.Debug|iPhone.Build.0 = Debug|Any CPU
		{85E00A55-2584-4619-B141-23E8C7440E00}.Debug|iPhoneSimulator.ActiveCfg = Debug|Any CPU
		{85E00A55-2584-4619-B141-23E8C7440E00}.Debug|iPhoneSimulator.Build.0 = Debug|Any CPU
		{85E00A55-2584-4619-B141-23E8C7440E00}.Debug|x64.ActiveCfg = Debug|Any CPU
		{85E00A55-2584-4619-B141-23E8C7440E00}.Debug|x64.Build.0 = Debug|Any CPU
		{85E00A55-2584-4619-B141-23E8C7440E00}.Debug|x86.ActiveCfg = Debug|Any CPU
		{85E00A55-2584-4619-B141-23E8C7440E00}.Debug|x86.Build.0 = Debug|Any CPU
		{85E00A55-2584-4619-B141-23E8C7440E00}.Release|Any CPU.ActiveCfg = Release|Any CPU
		{85E00A55-2584-4619-B141-23E8C7440E00}.Release|Any CPU.Build.0 = Release|Any CPU
		{85E00A55-2584-4619-B141-23E8C7440E00}.Release|ARM.ActiveCfg = Release|Any CPU
		{85E00A55-2584-4619-B141-23E8C7440E00}.Release|ARM.Build.0 = Release|Any CPU
		{85E00A55-2584-4619-B141-23E8C7440E00}.Release|iPhone.ActiveCfg = Release|Any CPU
		{85E00A55-2584-4619-B141-23E8C7440E00}.Release|iPhone.Build.0 = Release|Any CPU
		{85E00A55-2584-4619-B141-23E8C7440E00}.Release|iPhoneSimulator.ActiveCfg = Release|Any CPU
		{85E00A55-2584-4619-B141-23E8C7440E00}.Release|iPhoneSimulator.Build.0 = Release|Any CPU
		{85E00A55-2584-4619-B141-23E8C7440E00}.Release|x64.ActiveCfg = Release|Any CPU
		{85E00A55-2584-4619-B141-23E8C7440E00}.Release|x64.Build.0 = Release|Any CPU
		{85E00A55-2584-4619-B141-23E8C7440E00}.Release|x86.ActiveCfg = Release|Any CPU
		{85E00A55-2584-4619-B141-23E8C7440E00}.Release|x86.Build.0 = Release|Any CPU
		{85E00A55-2584-4619-B141-23E8C7440E00}.Release-xml|Any CPU.ActiveCfg = Release-xml|Any CPU
		{85E00A55-2584-4619-B141-23E8C7440E00}.Release-xml|Any CPU.Build.0 = Release-xml|Any CPU
		{85E00A55-2584-4619-B141-23E8C7440E00}.Release-xml|ARM.ActiveCfg = Release-xml|Any CPU
		{85E00A55-2584-4619-B141-23E8C7440E00}.Release-xml|ARM.Build.0 = Release-xml|Any CPU
		{85E00A55-2584-4619-B141-23E8C7440E00}.Release-xml|iPhone.ActiveCfg = Release-xml|Any CPU
		{85E00A55-2584-4619-B141-23E8C7440E00}.Release-xml|iPhone.Build.0 = Release-xml|Any CPU
		{85E00A55-2584-4619-B141-23E8C7440E00}.Release-xml|iPhoneSimulator.ActiveCfg = Release-xml|Any CPU
		{85E00A55-2584-4619-B141-23E8C7440E00}.Release-xml|iPhoneSimulator.Build.0 = Release-xml|Any CPU
		{85E00A55-2584-4619-B141-23E8C7440E00}.Release-xml|x64.ActiveCfg = Release-xml|Any CPU
		{85E00A55-2584-4619-B141-23E8C7440E00}.Release-xml|x64.Build.0 = Release-xml|Any CPU
		{85E00A55-2584-4619-B141-23E8C7440E00}.Release-xml|x86.ActiveCfg = Release-xml|Any CPU
		{85E00A55-2584-4619-B141-23E8C7440E00}.Release-xml|x86.Build.0 = Release-xml|Any CPU
	EndGlobalSection
	GlobalSection(SolutionProperties) = preSolution
		HideSolutionNode = FALSE
	EndGlobalSection
	GlobalSection(ExtensibilityGlobals) = postSolution
		SolutionGuid = {022AC7FE-870B-40D4-919F-B167FC19293E}
	EndGlobalSection
EndGlobal
